
Microsoft Visual Studio Solution File, Format Version 12.00
# Visual Studio Version 17
VisualStudioVersion = 17.14.36518.9
MinimumVisualStudioVersion = 10.0.40219.1
Project("{FAE04EC0-301F-11D3-BF4B-00C04F79EFBC}") = "Laboratorio 15.1", "Laboratorio 15.1\Laboratorio 15.1.csproj", "{E7150672-950A-4B12-B25F-C61C134E8D13}"
EndProject
Project("{FAE04EC0-301F-11D3-BF4B-00C04F79EFBC}") = "Laboratorio 15.2", "Laboratorio 15.2\Laboratorio 15.2.csproj", "{6B6ABD68-DC3A-4C1B-8991-99B048FAB521}"
EndProject
Project("{FAE04EC0-301F-11D3-BF4B-00C04F79EFBC}") = "Laboratorio 15.3", "Laboratorio 15.3\Laboratorio 15.3.csproj", "{BED284CB-BA18-4645-A73E-F384974E9E20}"
EndProject
Project("{FAE04EC0-301F-11D3-BF4B-00C04F79EFBC}") = "Laboratorio 15.4", "Laboratorio 15.4\Laboratorio 15.4.csproj", "{694B1C07-6CD4-4BC4-9660-CA13E5C29C60}"
EndProject
Global
	GlobalSection(SolutionConfigurationPlatforms) = preSolution
		Debug|Any CPU = Debug|Any CPU
		Release|Any CPU = Release|Any CPU
	EndGlobalSection
	GlobalSection(ProjectConfigurationPlatforms) = postSolution
		{E7150672-950A-4B12-B25F-C61C134E8D13}.Debug|Any CPU.ActiveCfg = Debug|Any CPU
		{E7150672-950A-4B12-B25F-C61C134E8D13}.Debug|Any CPU.Build.0 = Debug|Any CPU
		{E7150672-950A-4B12-B25F-C61C134E8D13}.Release|Any CPU.ActiveCfg = Release|Any CPU
		{E7150672-950A-4B12-B25F-C61C134E8D13}.Release|Any CPU.Build.0 = Release|Any CPU
		{6B6ABD68-DC3A-4C1B-8991-99B048FAB521}.Debug|Any CPU.ActiveCfg = Debug|Any CPU
		{6B6ABD68-DC3A-4C1B-8991-99B048FAB521}.Debug|Any CPU.Build.0 = Debug|Any CPU
		{6B6ABD68-DC3A-4C1B-8991-99B048FAB521}.Release|Any CPU.ActiveCfg = Release|Any CPU
		{6B6ABD68-DC3A-4C1B-8991-99B048FAB521}.Release|Any CPU.Build.0 = Release|Any CPU
		{BED284CB-BA18-4645-A73E-F384974E9E20}.Debug|Any CPU.ActiveCfg = Debug|Any CPU
		{BED284CB-BA18-4645-A73E-F384974E9E20}.Debug|Any CPU.Build.0 = Debug|Any CPU
		{BED284CB-BA18-4645-A73E-F384974E9E20}.Release|Any CPU.ActiveCfg = Release|Any CPU
		{BED284CB-BA18-4645-A73E-F384974E9E20}.Release|Any CPU.Build.0 = Release|Any CPU
		{694B1C07-6CD4-4BC4-9660-CA13E5C29C60}.Debug|Any CPU.ActiveCfg = Debug|Any CPU
		{694B1C07-6CD4-4BC4-9660-CA13E5C29C60}.Debug|Any CPU.Build.0 = Debug|Any CPU
		{694B1C07-6CD4-4BC4-9660-CA13E5C29C60}.Release|Any CPU.ActiveCfg = Release|Any CPU
		{694B1C07-6CD4-4BC4-9660-CA13E5C29C60}.Release|Any CPU.Build.0 = Release|Any CPU
	EndGlobalSection
	GlobalSection(SolutionProperties) = preSolution
		HideSolutionNode = FALSE
	EndGlobalSection
	GlobalSection(ExtensibilityGlobals) = postSolution
		SolutionGuid = {756F943D-7D88-4AF8-96A0-33637011E5E6}
	EndGlobalSection
EndGlobal
