
Microsoft Visual Studio Solution File, Format Version 12.00
# Visual Studio Version 17
VisualStudioVersion = 17.14.36518.9 d17.14
MinimumVisualStudioVersion = 10.0.40219.1
Project("{FAE04EC0-301F-11D3-BF4B-00C04F79EFBC}") = "Laboratorio 2", "Laboratorio 2\Laboratorio 2.csproj", "{66C218A3-D462-4BBA-AE15-E8ED69A43523}"
EndProject
Global
	GlobalSection(SolutionConfigurationPlatforms) = preSolution
		Debug|Any CPU = Debug|Any CPU
		Release|Any CPU = Release|Any CPU
	EndGlobalSection
	GlobalSection(ProjectConfigurationPlatforms) = postSolution
		{66C218A3-D462-4BBA-AE15-E8ED69A43523}.Debug|Any CPU.ActiveCfg = Debug|Any CPU
		{66C218A3-D462-4BBA-AE15-E8ED69A43523}.Debug|Any CPU.Build.0 = Debug|Any CPU
		{66C218A3-D462-4BBA-AE15-E8ED69A43523}.Release|Any CPU.ActiveCfg = Release|Any CPU
		{66C218A3-D462-4BBA-AE15-E8ED69A43523}.Release|Any CPU.Build.0 = Release|Any CPU
	EndGlobalSection
	GlobalSection(SolutionProperties) = preSolution
		HideSolutionNode = FALSE
	EndGlobalSection
	GlobalSection(ExtensibilityGlobals) = postSolution
		SolutionGuid = {5A7EB839-C3D1-4350-91B7-56C530151140}
	EndGlobalSection
EndGlobal
